filippo.io/mlkem768 v0.0.0-20240221181710-5ce91625fdc1 h1:xbdqh5aDZeO0XqW896qVjKnAqRji9nkIwmsBEEbCA10=
filippo.io/mlkem768 v0.0.0-20240221181710-5ce91625fdc1/go.mod h1:mIEHrcJ2xBlJRQwnRO0ujmZ+Rt6m6eNeCPq8E3Wkths=
golang.org/x/crypto v0.20.0 h1:jmAMJJZXr5KiCw05dfYK9QnqaqKLYXijU23lsEdcQqg=
golang.org/x/crypto v0.20.0/go.mod h1:Xwo95rrVNIoSMx9wa1JroENMToLWn3RNVrTBpLHgZPQ=
golang.org/x/sys v0.17.0 h1:25cE3gD+tdBA7lp7QfhuV+rJiE9YXTcS3VG1SqssI/Y=
golang.org/x/sys v0.17.0/go.mod h1:/VUhepiaJMQUp4+oa/7Zr1D23ma6VTLIYjOOTFZPUcA=
